
Microsoft Visual Studio Solution File, Format Version 12.00
# Visual Studio 15
VisualStudioVersion = 15.0.27428.2037
MinimumVisualStudioVersion = 10.0.40219.1
Project("{FAE04EC0-301F-11D3-BF4B-00C04F79EFBC}") = "GUI2", "GUI2\GUI2.csproj", "{3DD41FE2-4FE3-4319-BC02-1A6E685AAD4A}"
EndProject
Project("{FAE04EC0-301F-11D3-BF4B-00C04F79EFBC}") = "ClassLibrary1", "ClassLibrary1\ClassLibrary1.csproj", "{8D737C62-25BC-443F-95E2-B33ED9E37F87}"
EndProject
Global
	GlobalSection(SolutionConfigurationPlatforms) = preSolution
		Debug|Any CPU = Debug|Any CPU
		Release|Any CPU = Release|Any CPU
	EndGlobalSection
	GlobalSection(ProjectConfigurationPlatforms) = postSolution
		{3DD41FE2-4FE3-4319-BC02-1A6E685AAD4A}.Debug|Any CPU.ActiveCfg = Debug|Any CPU
		{3DD41FE2-4FE3-4319-BC02-1A6E685AAD4A}.Debug|Any CPU.Build.0 = Debug|Any CPU
		{3DD41FE2-4FE3-4319-BC02-1A6E685AAD4A}.Release|Any CPU.ActiveCfg = Release|Any CPU
		{3DD41FE2-4FE3-4319-BC02-1A6E685AAD4A}.Release|Any CPU.Build.0 = Release|Any CPU
		{8D737C62-25BC-443F-95E2-B33ED9E37F87}.Debug|Any CPU.ActiveCfg = Debug|Any CPU
		{8D737C62-25BC-443F-95E2-B33ED9E37F87}.Debug|Any CPU.Build.0 = Debug|Any CPU
		{8D737C62-25BC-443F-95E2-B33ED9E37F87}.Release|Any CPU.ActiveCfg = Release|Any CPU
		{8D737C62-25BC-443F-95E2-B33ED9E37F87}.Release|Any CPU.Build.0 = Release|Any CPU
	EndGlobalSection
	GlobalSection(SolutionProperties) = preSolution
		HideSolutionNode = FALSE
	EndGlobalSection
	GlobalSection(ExtensibilityGlobals) = postSolution
		SolutionGuid = {2C647B3C-2E6C-4CD8-8632-BC4A0492C8D1}
	EndGlobalSection
EndGlobal
